
Microsoft Visual Studio Solution File, Format Version 12.00
# Visual Studio Version 16
VisualStudioVersion = 16.0.30204.135
MinimumVisualStudioVersion = 10.0.40219.1
Project("{9A19103F-16F7-4668-BE54-9A1E7A4F7556}") = "DataAccess", "DataAccess\DataAccess.csproj", "{841A74DF-1B8D-4FAE-B514-1CE93B47B52C}"
EndProject
Project("{9A19103F-16F7-4668-BE54-9A1E7A4F7556}") = "Entities", "Entities\Entities.csproj", "{F7C2188F-CF44-4D42-9024-BA82A2DEA158}"
EndProject
Project("{9A19103F-16F7-4668-BE54-9A1E7A4F7556}") = "Business", "Business\Business.csproj", "{58641E86-83F8-40C7-8F30-2639E416FF7F}"
EndProject
Project("{9A19103F-16F7-4668-BE54-9A1E7A4F7556}") = "Api", "Api\Api.csproj", "{43B22C64-9D07-4A23-A527-41E2C22E98AF}"
EndProject
Project("{FAE04EC0-301F-11D3-BF4B-00C04F79EFBC}") = "Web", "Web\Web.csproj", "{49830D8E-3410-4993-906B-C1143E99DA97}"
EndProject
Global
	GlobalSection(SolutionConfigurationPlatforms) = preSolution
		Debug|Any CPU = Debug|Any CPU
		Release|Any CPU = Release|Any CPU
	EndGlobalSection
	GlobalSection(ProjectConfigurationPlatforms) = postSolution
		{841A74DF-1B8D-4FAE-B514-1CE93B47B52C}.Debug|Any CPU.ActiveCfg = Debug|Any CPU
		{841A74DF-1B8D-4FAE-B514-1CE93B47B52C}.Debug|Any CPU.Build.0 = Debug|Any CPU
		{841A74DF-1B8D-4FAE-B514-1CE93B47B52C}.Release|Any CPU.ActiveCfg = Release|Any CPU
		{841A74DF-1B8D-4FAE-B514-1CE93B47B52C}.Release|Any CPU.Build.0 = Release|Any CPU
		{F7C2188F-CF44-4D42-9024-BA82A2DEA158}.Debug|Any CPU.ActiveCfg = Debug|Any CPU
		{F7C2188F-CF44-4D42-9024-BA82A2DEA158}.Debug|Any CPU.Build.0 = Debug|Any CPU
		{F7C2188F-CF44-4D42-9024-BA82A2DEA158}.Release|Any CPU.ActiveCfg = Release|Any CPU
		{F7C2188F-CF44-4D42-9024-BA82A2DEA158}.Release|Any CPU.Build.0 = Release|Any CPU
		{58641E86-83F8-40C7-8F30-2639E416FF7F}.Debug|Any CPU.ActiveCfg = Debug|Any CPU
		{58641E86-83F8-40C7-8F30-2639E416FF7F}.Debug|Any CPU.Build.0 = Debug|Any CPU
		{58641E86-83F8-40C7-8F30-2639E416FF7F}.Release|Any CPU.ActiveCfg = Release|Any CPU
		{58641E86-83F8-40C7-8F30-2639E416FF7F}.Release|Any CPU.Build.0 = Release|Any CPU
		{43B22C64-9D07-4A23-A527-41E2C22E98AF}.Debug|Any CPU.ActiveCfg = Debug|Any CPU
		{43B22C64-9D07-4A23-A527-41E2C22E98AF}.Debug|Any CPU.Build.0 = Debug|Any CPU
		{43B22C64-9D07-4A23-A527-41E2C22E98AF}.Release|Any CPU.ActiveCfg = Release|Any CPU
		{43B22C64-9D07-4A23-A527-41E2C22E98AF}.Release|Any CPU.Build.0 = Release|Any CPU
		{49830D8E-3410-4993-906B-C1143E99DA97}.Debug|Any CPU.ActiveCfg = Debug|Any CPU
		{49830D8E-3410-4993-906B-C1143E99DA97}.Debug|Any CPU.Build.0 = Debug|Any CPU
		{49830D8E-3410-4993-906B-C1143E99DA97}.Release|Any CPU.ActiveCfg = Release|Any CPU
		{49830D8E-3410-4993-906B-C1143E99DA97}.Release|Any CPU.Build.0 = Release|Any CPU
	EndGlobalSection
	GlobalSection(SolutionProperties) = preSolution
		HideSolutionNode = FALSE
	EndGlobalSection
	GlobalSection(ExtensibilityGlobals) = postSolution
		SolutionGuid = {C88FC046-7FD4-46AE-AF34-18CC72F8E189}
	EndGlobalSection
EndGlobal
